PODS:
  - CrytpoTicker (0.1.1)
  - SDWebImage (4.1.0):
    - SDWebImage/Core (= 4.1.0)
  - SDWebImage/Core (4.1.0)

DEPENDENCIES:
  - CrytpoTicker
  - SDWebImage (~> 4.0)

SPEC CHECKSUMS:
  CrytpoTicker: 136629e6ae98f78ad73968b2c9770edfd73e530d
  SDWebImage: 0e435c14e402a6730315a0fb79f95e68654d55a4

PODFILE CHECKSUM: e759b724eb6511928ad12bd880e92c52f93e1cad

COCOAPODS: 1.3.1
