// !$*UTF8*$!
{
	archiveVersion = 1;
	classes = {
	};
	objectVersion = 46;
	objects = {

/* Begin PBXBuildFile section */
		C92160891F41294D00AFE567 /* CTPreviewCollectionDatasource.swift in Sources */ = {isa = PBXBuildFile; fileRef = C92160881F41294D00AFE567 /* CTPreviewCollectionDatasource.swift */; };
		C921608C1F4139B000AFE567 /* CTPreviewCVCell.swift in Sources */ = {isa = PBXBuildFile; fileRef = C921608A1F4139B000AFE567 /* CTPreviewCVCell.swift */; };
		C921608D1F4139B000AFE567 /* CTPreviewCVCell.xib in Resources */ = {isa = PBXBuildFile; fileRef = C921608B1F4139B000AFE567 /* CTPreviewCVCell.xib */; };
		C921608F1F41526300AFE567 /* CTInfoViewController.swift in Sources */ = {isa = PBXBuildFile; fileRef = C921608E1F41526300AFE567 /* CTInfoViewController.swift */; };
		C971CE3D1F4805CB009AC2DD /* CrytpoTicker.framework in Frameworks */ = {isa = PBXBuildFile; fileRef = C971CE3B1F4804E0009AC2DD /* CrytpoTicker.framework */; };
		C971CE3E1F4805CB009AC2DD /* CrytpoTicker.framework in Embed Frameworks */ = {isa = PBXBuildFile; fileRef = C971CE3B1F4804E0009AC2DD /* CrytpoTicker.framework */; settings = {ATTRIBUTES = (CodeSignOnCopy, RemoveHeadersOnCopy, ); }; };
		C9A8A5BE1F401FEF00921950 /* AppDelegate.swift in Sources */ = {isa = PBXBuildFile; fileRef = C9A8A5BD1F401FEF00921950 /* AppDelegate.swift */; };
		C9A8A5C01F401FEF00921950 /* ViewController.swift in Sources */ = {isa = PBXBuildFile; fileRef = C9A8A5BF1F401FEF00921950 /* ViewController.swift */; };
		C9A8A5C31F401FEF00921950 /* Main.storyboard in Resources */ = {isa = PBXBuildFile; fileRef = C9A8A5C11F401FEF00921950 /* Main.storyboard */; };
		C9A8A5C51F401FEF00921950 /* Assets.xcassets in Resources */ = {isa = PBXBuildFile; fileRef = C9A8A5C41F401FEF00921950 /* Assets.xcassets */; };
		C9A8A5C81F401FEF00921950 /* LaunchScreen.storyboard in Resources */ = {isa = PBXBuildFile; fileRef = C9A8A5C61F401FEF00921950 /* LaunchScreen.storyboard */; };
/* End PBXBuildFile section */

/* Begin PBXContainerItemProxy section */
		C971CE3A1F4804E0009AC2DD /* PBXContainerItemProxy */ = {
			isa = PBXContainerItemProxy;
			containerPortal = C971CE351F4804E0009AC2DD /* CrytpoTicker.xcodeproj */;
			proxyType = 2;
			remoteGlobalIDString = C9A8A5931F40029F00921950;
			remoteInfo = CrytpoTicker;
		};
		C971CE3F1F4805CB009AC2DD /* PBXContainerItemProxy */ = {
			isa = PBXContainerItemProxy;
			containerPortal = C971CE351F4804E0009AC2DD /* CrytpoTicker.xcodeproj */;
			proxyType = 1;
			remoteGlobalIDString = C9A8A5921F40029F00921950;
			remoteInfo = CrytpoTicker;
		};
/* End PBXContainerItemProxy section */

/* Begin PBXCopyFilesBuildPhase section */
		C9A8A5D91F40201F00921950 /* Embed Frameworks */ = {
			isa = PBXCopyFilesBuildPhase;
			buildActionMask = 2147483647;
			dstPath = "";
			dstSubfolderSpec = 10;
			files = (
				C971CE3E1F4805CB009AC2DD /* CrytpoTicker.framework in Embed Frameworks */,
			);
			name = "Embed Frameworks";
			runOnlyForDeploymentPostprocessing = 0;
		};
/* End PBXCopyFilesBuildPhase section */

/* Begin PBXFileReference section */
		C92160881F41294D00AFE567 /* CTPreviewCollectionDatasource.swift */ = {isa = PBXFileReference; fileEncoding = 4; lastKnownFileType = sourcecode.swift; path = CTPreviewCollectionDatasource.swift; sourceTree = "<group>"; };
		C921608A1F4139B000AFE567 /* CTPreviewCVCell.swift */ = {isa = PBXFileReference; fileEncoding = 4; lastKnownFileType = sourcecode.swift; path = CTPreviewCVCell.swift; sourceTree = "<group>"; };
		C921608B1F4139B000AFE567 /* CTPreviewCVCell.xib */ = {isa = PBXFileReference; fileEncoding = 4; lastKnownFileType = file.xib; path = CTPreviewCVCell.xib; sourceTree = "<group>"; };
		C921608E1F41526300AFE567 /* CTInfoViewController.swift */ = {isa = PBXFileReference; fileEncoding = 4; lastKnownFileType = sourcecode.swift; path = CTInfoViewController.swift; sourceTree = "<group>"; };
		C971CE351F4804E0009AC2DD /* CrytpoTicker.xcodeproj */ = {isa = PBXFileReference; lastKnownFileType = "wrapper.pb-project"; name = CrytpoTicker.xcodeproj; path = ../../CrytpoTicker/CrytpoTicker.xcodeproj; sourceTree = "<group>"; };
		C9A8A5BA1F401FEF00921950 /* Crypto Currency Ticker.app */ = {isa = PBXFileReference; explicitFileType = wrapper.application; includeInIndex = 0; path = "Crypto Currency Ticker.app"; sourceTree = BUILT_PRODUCTS_DIR; };
		C9A8A5BD1F401FEF00921950 /* AppDelegate.swift */ = {isa = PBXFileReference; lastKnownFileType = sourcecode.swift; path = AppDelegate.swift; sourceTree = "<group>"; };
		C9A8A5BF1F401FEF00921950 /* ViewController.swift */ = {isa = PBXFileReference; lastKnownFileType = sourcecode.swift; path = ViewController.swift; sourceTree = "<group>"; };
		C9A8A5C21F401FEF00921950 /* Base */ = {isa = PBXFileReference; lastKnownFileType = file.storyboard; name = Base; path = Base.lproj/Main.storyboard; sourceTree = "<group>"; };
		C9A8A5C41F401FEF00921950 /* Assets.xcassets */ = {isa = PBXFileReference; lastKnownFileType = folder.assetcatalog; path = Assets.xcassets; sourceTree = "<group>"; };
		C9A8A5C71F401FEF00921950 /* Base */ = {isa = PBXFileReference; lastKnownFileType = file.storyboard; name = Base; path = Base.lproj/LaunchScreen.storyboard; sourceTree = "<group>"; };
		C9A8A5C91F401FEF00921950 /* Info.plist */ = {isa = PBXFileReference; lastKnownFileType = text.plist.xml; path = Info.plist; sourceTree = "<group>"; };
/* End PBXFileReference section */

/* Begin PBXFrameworksBuildPhase section */
		C9A8A5B71F401FEF00921950 /* Frameworks */ = {
			isa = PBXFrameworksBuildPhase;
			buildActionMask = 2147483647;
			files = (
				C971CE3D1F4805CB009AC2DD /* CrytpoTicker.framework in Frameworks */,
			);
			runOnlyForDeploymentPostprocessing = 0;
		};
/* End PBXFrameworksBuildPhase section */

/* Begin PBXGroup section */
		C921607E1F41274B00AFE567 /* UI */ = {
			isa = PBXGroup;
			children = (
				C921607F1F41275800AFE567 /* UICollectionView */,
				C9A8A5C11F401FEF00921950 /* Main.storyboard */,
				C9A8A5C41F401FEF00921950 /* Assets.xcassets */,
				C9A8A5C61F401FEF00921950 /* LaunchScreen.storyboard */,
			);
			name = UI;
			sourceTree = "<group>";
		};
		C921607F1F41275800AFE567 /* UICollectionView */ = {
			isa = PBXGroup;
			children = (
				C921608A1F4139B000AFE567 /* CTPreviewCVCell.swift */,
				C921608B1F4139B000AFE567 /* CTPreviewCVCell.xib */,
			);
			name = UICollectionView;
			sourceTree = "<group>";
		};
		C92160861F41290D00AFE567 /* View Controllers */ = {
			isa = PBXGroup;
			children = (
				C9A8A5BF1F401FEF00921950 /* ViewController.swift */,
				C921608E1F41526300AFE567 /* CTInfoViewController.swift */,
			);
			name = "View Controllers";
			sourceTree = "<group>";
		};
		C92160871F41291C00AFE567 /* Delegates and Datasources */ = {
			isa = PBXGroup;
			children = (
				C92160881F41294D00AFE567 /* CTPreviewCollectionDatasource.swift */,
			);
			name = "Delegates and Datasources";
			sourceTree = "<group>";
		};
		C92160921F416B9000AFE567 /* Frameworks */ = {
			isa = PBXGroup;
			children = (
				C971CE351F4804E0009AC2DD /* CrytpoTicker.xcodeproj */,
			);
			name = Frameworks;
			sourceTree = "<group>";
		};
		C971CE361F4804E0009AC2DD /* Products */ = {
			isa = PBXGroup;
			children = (
				C971CE3B1F4804E0009AC2DD /* CrytpoTicker.framework */,
			);
			name = Products;
			sourceTree = "<group>";
		};
		C9A8A5B11F401FEF00921950 = {
			isa = PBXGroup;
			children = (
				C9A8A5BC1F401FEF00921950 /* Crypto Currency Ticker */,
				C9A8A5BB1F401FEF00921950 /* Products */,
			);
			sourceTree = "<group>";
		};
		C9A8A5BB1F401FEF00921950 /* Products */ = {
			isa = PBXGroup;
			children = (
				C9A8A5BA1F401FEF00921950 /* Crypto Currency Ticker.app */,
			);
			name = Products;
			sourceTree = "<group>";
		};
		C9A8A5BC1F401FEF00921950 /* Crypto Currency Ticker */ = {
			isa = PBXGroup;
			children = (
				C92160921F416B9000AFE567 /* Frameworks */,
				C92160871F41291C00AFE567 /* Delegates and Datasources */,
				C9A8A5BD1F401FEF00921950 /* AppDelegate.swift */,
				C9A8A5C91F401FEF00921950 /* Info.plist */,
				C92160861F41290D00AFE567 /* View Controllers */,
				C921607E1F41274B00AFE567 /* UI */,
			);
			path = "Crypto Currency Ticker";
			sourceTree = "<group>";
		};
/* End PBXGroup section */

/* Begin PBXNativeTarget section */
		C9A8A5B91F401FEF00921950 /* Crypto Currency Ticker */ = {
			isa = PBXNativeTarget;
			buildConfigurationList = C9A8A5CC1F401FEF00921950 /* Build configuration list for PBXNativeTarget "Crypto Currency Ticker" */;
			buildPhases = (
				C9A8A5B61F401FEF00921950 /* Sources */,
				C9A8A5B71F401FEF00921950 /* Frameworks */,
				C9A8A5B81F401FEF00921950 /* Resources */,
				C9A8A5D91F40201F00921950 /* Embed Frameworks */,
			);
			buildRules = (
			);
			dependencies = (
				C971CE401F4805CB009AC2DD /* PBXTargetDependency */,
			);
			name = "Crypto Currency Ticker";
			productName = "Crypto Currency Ticker";
			productReference = C9A8A5BA1F401FEF00921950 /* Crypto Currency Ticker.app */;
			productType = "com.apple.product-type.application";
		};
/* End PBXNativeTarget section */

/* Begin PBXProject section */
		C9A8A5B21F401FEF00921950 /* Project object */ = {
			isa = PBXProject;
			attributes = {
				LastSwiftUpdateCheck = 0830;
				LastUpgradeCheck = 0830;
				ORGANIZATIONNAME = "Matthew Riley";
				TargetAttributes = {
					C9A8A5B91F401FEF00921950 = {
						CreatedOnToolsVersion = 8.3.3;
						DevelopmentTeam = LC6LA68FBS;
						ProvisioningStyle = Automatic;
					};
				};
			};
			buildConfigurationList = C9A8A5B51F401FEF00921950 /* Build configuration list for PBXProject "Crypto Currency Ticker" */;
			compatibilityVersion = "Xcode 3.2";
			developmentRegion = English;
			hasScannedForEncodings = 0;
			knownRegions = (
				en,
				Base,
			);
			mainGroup = C9A8A5B11F401FEF00921950;
			productRefGroup = C9A8A5BB1F401FEF00921950 /* Products */;
			projectDirPath = "";
			projectReferences = (
				{
					ProductGroup = C971CE361F4804E0009AC2DD /* Products */;
					ProjectRef = C971CE351F4804E0009AC2DD /* CrytpoTicker.xcodeproj */;
				},
			);
			projectRoot = "";
			targets = (
				C9A8A5B91F401FEF00921950 /* Crypto Currency Ticker */,
			);
		};
/* End PBXProject section */

/* Begin PBXReferenceProxy section */
		C971CE3B1F4804E0009AC2DD /* CrytpoTicker.framework */ = {
			isa = PBXReferenceProxy;
			fileType = wrapper.framework;
			path = CrytpoTicker.framework;
			remoteRef = C971CE3A1F4804E0009AC2DD /* PBXContainerItemProxy */;
			sourceTree = BUILT_PRODUCTS_DIR;
		};
/* End PBXReferenceProxy section */

/* Begin PBXResourcesBuildPhase section */
		C9A8A5B81F401FEF00921950 /* Resources */ = {
			isa = PBXResourcesBuildPhase;
			buildActionMask = 2147483647;
			files = (
				C9A8A5C81F401FEF00921950 /* LaunchScreen.storyboard in Resources */,
				C9A8A5C51F401FEF00921950 /* Assets.xcassets in Resources */,
				C9A8A5C31F401FEF00921950 /* Main.storyboard in Resources */,
				C921608D1F4139B000AFE567 /* CTPreviewCVCell.xib in Resources */,
			);
			runOnlyForDeploymentPostprocessing = 0;
		};
/* End PBXResourcesBuildPhase section */

/* Begin PBXSourcesBuildPhase section */
		C9A8A5B61F401FEF00921950 /* Sources */ = {
			isa = PBXSourcesBuildPhase;
			buildActionMask = 2147483647;
			files = (
				C921608F1F41526300AFE567 /* CTInfoViewController.swift in Sources */,
				C9A8A5C01F401FEF00921950 /* ViewController.swift in Sources */,
				C9A8A5BE1F401FEF00921950 /* AppDelegate.swift in Sources */,
				C921608C1F4139B000AFE567 /* CTPreviewCVCell.swift in Sources */,
				C92160891F41294D00AFE567 /* CTPreviewCollectionDatasource.swift in Sources */,
			);
			runOnlyForDeploymentPostprocessing = 0;
		};
/* End PBXSourcesBuildPhase section */

/* Begin PBXTargetDependency section */
		C971CE401F4805CB009AC2DD /* PBXTargetDependency */ = {
			isa = PBXTargetDependency;
			name = CrytpoTicker;
			targetProxy = C971CE3F1F4805CB009AC2DD /* PBXContainerItemProxy */;
		};
/* End PBXTargetDependency section */

/* Begin PBXVariantGroup section */
		C9A8A5C11F401FEF00921950 /* Main.storyboard */ = {
			isa = PBXVariantGroup;
			children = (
				C9A8A5C21F401FEF00921950 /* Base */,
			);
			name = Main.storyboard;
			sourceTree = "<group>";
		};
		C9A8A5C61F401FEF00921950 /* LaunchScreen.storyboard */ = {
			isa = PBXVariantGroup;
			children = (
				C9A8A5C71F401FEF00921950 /* Base */,
			);
			name = LaunchScreen.storyboard;
			sourceTree = "<group>";
		};
/* End PBXVariantGroup section */

/* Begin XCBuildConfiguration section */
		C9A8A5CA1F401FEF00921950 /* Debug */ = {
			isa = XCBuildConfiguration;
			buildSettings = {
				ALWAYS_SEARCH_USER_PATHS = NO;
				CLANG_ANALYZER_NONNULL = YES;
				CLANG_ANALYZER_NUMBER_OBJECT_CONVERSION = YES_AGGRESSIVE;
				CLANG_CXX_LANGUAGE_STANDARD = "gnu++0x";
				CLANG_CXX_LIBRARY = "libc++";
				CLANG_ENABLE_MODULES = YES;
				CLANG_ENABLE_OBJC_ARC = YES;
				CLANG_WARN_BOOL_CONVERSION = YES;
				CLANG_WARN_CONSTANT_CONVERSION = YES;
				CLANG_WARN_DIRECT_OBJC_ISA_USAGE = YES_ERROR;
				CLANG_WARN_DOCUMENTATION_COMMENTS = YES;
				CLANG_WARN_EMPTY_BODY = YES;
				CLANG_WARN_ENUM_CONVERSION = YES;
				CLANG_WARN_INFINITE_RECURSION = YES;
				CLANG_WARN_INT_CONVERSION = YES;
				CLANG_WARN_OBJC_ROOT_CLASS = YES_ERROR;
				CLANG_WARN_SUSPICIOUS_MOVE = YES;
				CLANG_WARN_UNREACHABLE_CODE = YES;
				CLANG_WARN__DUPLICATE_METHOD_MATCH = YES;
				"CODE_SIGN_IDENTITY[sdk=iphoneos*]" = "iPhone Developer";
				COPY_PHASE_STRIP = NO;
				DEBUG_INFORMATION_FORMAT = dwarf;
				ENABLE_STRICT_OBJC_MSGSEND = YES;
				ENABLE_TESTABILITY = YES;
				FRAMEWORK_SEARCH_PATHS = "$(SRCROOT)";
				GCC_C_LANGUAGE_STANDARD = gnu99;
				GCC_DYNAMIC_NO_PIC = NO;
				GCC_NO_COMMON_BLOCKS = YES;
				GCC_OPTIMIZATION_LEVEL = 0;
				GCC_PREPROCESSOR_DEFINITIONS = (
					"DEBUG=1",
					"$(inherited)",
				);
				GCC_WARN_64_TO_32_BIT_CONVERSION = YES;
				GCC_WARN_ABOUT_RETURN_TYPE = YES_ERROR;
				GCC_WARN_UNDECLARED_SELECTOR = YES;
				GCC_WARN_UNINITIALIZED_AUTOS = YES_AGGRESSIVE;
				GCC_WARN_UNUSED_FUNCTION = YES;
				GCC_WARN_UNUSED_VARIABLE = YES;
				IPHONEOS_DEPLOYMENT_TARGET = 10.3;
				MTL_ENABLE_DEBUG_INFO = YES;
				ONLY_ACTIVE_ARCH = YES;
				SDKROOT = iphoneos;
				SWIFT_ACTIVE_COMPILATION_CONDITIONS = DEBUG;
				SWIFT_OPTIMIZATION_LEVEL = "-Onone";
				TARGETED_DEVICE_FAMILY = "1,2";
			};
			name = Debug;
		};
		C9A8A5CB1F401FEF00921950 /* Release */ = {
			isa = XCBuildConfiguration;
			buildSettings = {
				ALWAYS_SEARCH_USER_PATHS = NO;
				CLANG_ANALYZER_NONNULL = YES;
				CLANG_ANALYZER_NUMBER_OBJECT_CONVERSION = YES_AGGRESSIVE;
				CLANG_CXX_LANGUAGE_STANDARD = "gnu++0x";
				CLANG_CXX_LIBRARY = "libc++";
				CLANG_ENABLE_MODULES = YES;
				CLANG_ENABLE_OBJC_ARC = YES;
				CLANG_WARN_BOOL_CONVERSION = YES;
				CLANG_WARN_CONSTANT_CONVERSION = YES;
				CLANG_WARN_DIRECT_OBJC_ISA_USAGE = YES_ERROR;
				CLANG_WARN_DOCUMENTATION_COMMENTS = YES;
				CLANG_WARN_EMPTY_BODY = YES;
				CLANG_WARN_ENUM_CONVERSION = YES;
				CLANG_WARN_INFINITE_RECURSION = YES;
				CLANG_WARN_INT_CONVERSION = YES;
				CLANG_WARN_OBJC_ROOT_CLASS = YES_ERROR;
				CLANG_WARN_SUSPICIOUS_MOVE = YES;
				CLANG_WARN_UNREACHABLE_CODE = YES;
				CLANG_WARN__DUPLICATE_METHOD_MATCH = YES;
				"CODE_SIGN_IDENTITY[sdk=iphoneos*]" = "iPhone Developer";
				COPY_PHASE_STRIP = NO;
				DEBUG_INFORMATION_FORMAT = "dwarf-with-dsym";
				ENABLE_NS_ASSERTIONS = NO;
				ENABLE_STRICT_OBJC_MSGSEND = YES;
				"FRAMEWORK_SEARCH_PATHS[arch=*]" = "$(SRCROOT)";
				GCC_C_LANGUAGE_STANDARD = gnu99;
				GCC_NO_COMMON_BLOCKS = YES;
				GCC_WARN_64_TO_32_BIT_CONVERSION = YES;
				GCC_WARN_ABOUT_RETURN_TYPE = YES_ERROR;
				GCC_WARN_UNDECLARED_SELECTOR = YES;
				GCC_WARN_UNINITIALIZED_AUTOS = YES_AGGRESSIVE;
				GCC_WARN_UNUSED_FUNCTION = YES;
				GCC_WARN_UNUSED_VARIABLE = YES;
				IPHONEOS_DEPLOYMENT_TARGET = 10.3;
				MTL_ENABLE_DEBUG_INFO = NO;
				SDKROOT = iphoneos;
				SWIFT_OPTIMIZATION_LEVEL = "-Owholemodule";
				TARGETED_DEVICE_FAMILY = "1,2";
				VALIDATE_PRODUCT = YES;
			};
			name = Release;
		};
		C9A8A5CD1F401FEF00921950 /* Debug */ = {
			isa = XCBuildConfiguration;
			buildSettings = {
				ALWAYS_EMBED_SWIFT_STANDARD_LIBRARIES = YES;
				ASSETCATALOG_COMPILER_APPICON_NAME = AppIcon;
				DEVELOPMENT_TEAM = LC6LA68FBS;
				FRAMEWORK_SEARCH_PATHS = (
					"$(inherited)",
					"$(SRCROOT)",
					"$(PROJECT_DIR)/Crypto\\ Currency\\ Ticker",
					"$(PROJECT_DIR)/Crypto\\ Currency\\ Ticker",
				);
				INFOPLIST_FILE = "Crypto Currency Ticker/Info.plist";
				IPHONEOS_DEPLOYMENT_TARGET = 10.0;
				LD_RUNPATH_SEARCH_PATHS = "$(inherited) @executable_path/Frameworks";
				PRODUCT_BUNDLE_IDENTIFIER = "com.farawaystars.Crypto-Currency-Ticker";
				PRODUCT_NAME = "$(TARGET_NAME)";
				SWIFT_VERSION = 3.0;
			};
			name = Debug;
		};
		C9A8A5CE1F401FEF00921950 /* Release */ = {
			isa = XCBuildConfiguration;
			buildSettings = {
				ALWAYS_EMBED_SWIFT_STANDARD_LIBRARIES = YES;
				ASSETCATALOG_COMPILER_APPICON_NAME = AppIcon;
				DEVELOPMENT_TEAM = LC6LA68FBS;
				FRAMEWORK_SEARCH_PATHS = (
					"$(inherited)",
					"$(SRCROOT)",
					"$(PROJECT_DIR)/Crypto\\ Currency\\ Ticker",
					"$(PROJECT_DIR)/Crypto\\ Currency\\ Ticker",
				);
				INFOPLIST_FILE = "Crypto Currency Ticker/Info.plist";
				IPHONEOS_DEPLOYMENT_TARGET = 10.0;
				LD_RUNPATH_SEARCH_PATHS = "$(inherited) @executable_path/Frameworks";
				PRODUCT_BUNDLE_IDENTIFIER = "com.farawaystars.Crypto-Currency-Ticker";
				PRODUCT_NAME = "$(TARGET_NAME)";
				SWIFT_VERSION = 3.0;
			};
			name = Release;
		};
/* End XCBuildConfiguration section */

/* Begin XCConfigurationList section */
		C9A8A5B51F401FEF00921950 /* Build configuration list for PBXProject "Crypto Currency Ticker" */ = {
			isa = XCConfigurationList;
			buildConfigurations = (
				C9A8A5CA1F401FEF00921950 /* Debug */,
				C9A8A5CB1F401FEF00921950 /* Release */,
			);
			defaultConfigurationIsVisible = 0;
			defaultConfigurationName = Release;
		};
		C9A8A5CC1F401FEF00921950 /* Build configuration list for PBXNativeTarget "Crypto Currency Ticker" */ = {
			isa = XCConfigurationList;
			buildConfigurations = (
				C9A8A5CD1F401FEF00921950 /* Debug */,
				C9A8A5CE1F401FEF00921950 /* Release */,
			);
			defaultConfigurationIsVisible = 0;
			defaultConfigurationName = Release;
		};
/* End XCConfigurationList section */
	};
	rootObject = C9A8A5B21F401FEF00921950 /* Project object */;
}
